
Microsoft Visual Studio Solution File, Format Version 12.00
# Visual Studio 15
VisualStudioVersion = 15.0.27703.2026
MinimumVisualStudioVersion = 10.0.40219.1
Project("{FAE04EC0-301F-11D3-BF4B-00C04F79EFBC}") = "hyperJLO", "hyperJLO\hyperJLO.csproj", "{E39F482F-3276-42FF-985C-1A180A357A0D}"
EndProject
Global
	GlobalSection(SolutionConfigurationPlatforms) = preSolution
		Debug|Any CPU = Debug|Any CPU
		Release|Any CPU = Release|Any CPU
	EndGlobalSection
	GlobalSection(ProjectConfigurationPlatforms) = postSolution
		{E39F482F-3276-42FF-985C-1A180A357A0D}.Debug|Any CPU.ActiveCfg = Debug|Any CPU
		{E39F482F-3276-42FF-985C-1A180A357A0D}.Debug|Any CPU.Build.0 = Debug|Any CPU
		{E39F482F-3276-42FF-985C-1A180A357A0D}.Release|Any CPU.ActiveCfg = Release|Any CPU
		{E39F482F-3276-42FF-985C-1A180A357A0D}.Release|Any CPU.Build.0 = Release|Any CPU
	EndGlobalSection
	GlobalSection(SolutionProperties) = preSolution
		HideSolutionNode = FALSE
	EndGlobalSection
	GlobalSection(ExtensibilityGlobals) = postSolution
		SolutionGuid = {8A162EDA-1537-4930-9BBB-658C5DF47636}
	EndGlobalSection
EndGlobal
